
Microsoft Visual Studio Solution File, Format Version 12.00
# Visual Studio 15
VisualStudioVersion = 15.0.28010.2046
MinimumVisualStudioVersion = 10.0.40219.1
Project("{FAE04EC0-301F-11D3-BF4B-00C04F79EFBC}") = "KisiRehberi.Android", "KisiRehberi\KisiRehberi.Android\KisiRehberi.Android.csproj", "{49AAE429-3A55-47CB-90D4-25A530E05DA7}"
EndProject
Project("{FAE04EC0-301F-11D3-BF4B-00C04F79EFBC}") = "KisiRehberi.iOS", "KisiRehberi\KisiRehberi.iOS\KisiRehberi.iOS.csproj", "{E98B26DC-8C00-4FCE-A5CE-979A290A2E71}"
EndProject
Project("{FAE04EC0-301F-11D3-BF4B-00C04F79EFBC}") = "KisiRehberi", "KisiRehberi\KisiRehberi\KisiRehberi.csproj", "{E76AC66D-DE02-47A3-A3BA-FEF8DFF38989}"
EndProject
Global
	GlobalSection(SolutionConfigurationPlatforms) = preSolution
		Ad-Hoc|Any CPU = Ad-Hoc|Any CPU
		Ad-Hoc|iPhone = Ad-Hoc|iPhone
		Ad-Hoc|iPhoneSimulator = Ad-Hoc|iPhoneSimulator
		AppStore|Any CPU = AppStore|Any CPU
		AppStore|iPhone = AppStore|iPhone
		AppStore|iPhoneSimulator = AppStore|iPhoneSimulator
		Debug|Any CPU = Debug|Any CPU
		Debug|iPhone = Debug|iPhone
		Debug|iPhoneSimulator = Debug|iPhoneSimulator
		Release|Any CPU = Release|Any CPU
		Release|iPhone = Release|iPhone
		Release|iPhoneSimulator = Release|iPhoneSimulator
	EndGlobalSection
	GlobalSection(ProjectConfigurationPlatforms) = postSolution
		{49AAE429-3A55-47CB-90D4-25A530E05DA7}.Ad-Hoc|Any CPU.ActiveCfg = Release|Any CPU
		{49AAE429-3A55-47CB-90D4-25A530E05DA7}.Ad-Hoc|Any CPU.Build.0 = Release|Any CPU
		{49AAE429-3A55-47CB-90D4-25A530E05DA7}.Ad-Hoc|Any CPU.Deploy.0 = Release|Any CPU
		{49AAE429-3A55-47CB-90D4-25A530E05DA7}.Ad-Hoc|iPhone.ActiveCfg = Release|Any CPU
		{49AAE429-3A55-47CB-90D4-25A530E05DA7}.Ad-Hoc|iPhone.Build.0 = Release|Any CPU
		{49AAE429-3A55-47CB-90D4-25A530E05DA7}.Ad-Hoc|iPhone.Deploy.0 = Release|Any CPU
		{49AAE429-3A55-47CB-90D4-25A530E05DA7}.Ad-Hoc|iPhoneSimulator.ActiveCfg = Release|Any CPU
		{49AAE429-3A55-47CB-90D4-25A530E05DA7}.Ad-Hoc|iPhoneSimulator.Build.0 = Release|Any CPU
		{49AAE429-3A55-47CB-90D4-25A530E05DA7}.Ad-Hoc|iPhoneSimulator.Deploy.0 = Release|Any CPU
		{49AAE429-3A55-47CB-90D4-25A530E05DA7}.AppStore|Any CPU.ActiveCfg = Release|Any CPU
		{49AAE429-3A55-47CB-90D4-25A530E05DA7}.AppStore|Any CPU.Build.0 = Release|Any CPU
		{49AAE429-3A55-47CB-90D4-25A530E05DA7}.AppStore|Any CPU.Deploy.0 = Release|Any CPU
		{49AAE429-3A55-47CB-90D4-25A530E05DA7}.AppStore|iPhone.ActiveCfg = Release|Any CPU
		{49AAE429-3A55-47CB-90D4-25A530E05DA7}.AppStore|iPhone.Build.0 = Release|Any CPU
		{49AAE429-3A55-47CB-90D4-25A530E05DA7}.AppStore|iPhone.Deploy.0 = Release|Any CPU
		{49AAE429-3A55-47CB-90D4-25A530E05DA7}.AppStore|iPhoneSimulator.ActiveCfg = Release|Any CPU
		{49AAE429-3A55-47CB-90D4-25A530E05DA7}.AppStore|iPhoneSimulator.Build.0 = Release|Any CPU
		{49AAE429-3A55-47CB-90D4-25A530E05DA7}.AppStore|iPhoneSimulator.Deploy.0 = Release|Any CPU
		{49AAE429-3A55-47CB-90D4-25A530E05DA7}.Debug|Any CPU.ActiveCfg = Debug|Any CPU
		{49AAE429-3A55-47CB-90D4-25A530E05DA7}.Debug|Any CPU.Build.0 = Debug|Any CPU
		{49AAE429-3A55-47CB-90D4-25A530E05DA7}.Debug|Any CPU.Deploy.0 = Debug|Any CPU
		{49AAE429-3A55-47CB-90D4-25A530E05DA7}.Debug|iPhone.ActiveCfg = Debug|Any CPU
		{49AAE429-3A55-47CB-90D4-25A530E05DA7}.Debug|iPhone.Build.0 = Debug|Any CPU
		{49AAE429-3A55-47CB-90D4-25A530E05DA7}.Debug|iPhone.Deploy.0 = Debug|Any CPU
		{49AAE429-3A55-47CB-90D4-25A530E05DA7}.Debug|iPhoneSimulator.ActiveCfg = Debug|Any CPU
		{49AAE429-3A55-47CB-90D4-25A530E05DA7}.Debug|iPhoneSimulator.Build.0 = Debug|Any CPU
		{49AAE429-3A55-47CB-90D4-25A530E05DA7}.Debug|iPhoneSimulator.Deploy.0 = Debug|Any CPU
		{49AAE429-3A55-47CB-90D4-25A530E05DA7}.Release|Any CPU.ActiveCfg = Release|Any CPU
		{49AAE429-3A55-47CB-90D4-25A530E05DA7}.Release|Any CPU.Build.0 = Release|Any CPU
		{49AAE429-3A55-47CB-90D4-25A530E05DA7}.Release|Any CPU.Deploy.0 = Release|Any CPU
		{49AAE429-3A55-47CB-90D4-25A530E05DA7}.Release|iPhone.ActiveCfg = Release|Any CPU
		{49AAE429-3A55-47CB-90D4-25A530E05DA7}.Release|iPhone.Build.0 = Release|Any CPU
		{49AAE429-3A55-47CB-90D4-25A530E05DA7}.Release|iPhone.Deploy.0 = Release|Any CPU
		{49AAE429-3A55-47CB-90D4-25A530E05DA7}.Release|iPhoneSimulator.ActiveCfg = Release|Any CPU
		{49AAE429-3A55-47CB-90D4-25A530E05DA7}.Release|iPhoneSimulator.Build.0 = Release|Any CPU
		{49AAE429-3A55-47CB-90D4-25A530E05DA7}.Release|iPhoneSimulator.Deploy.0 = Release|Any CPU
		{E98B26DC-8C00-4FCE-A5CE-979A290A2E71}.Ad-Hoc|Any CPU.ActiveCfg = Ad-Hoc|iPhone
		{E98B26DC-8C00-4FCE-A5CE-979A290A2E71}.Ad-Hoc|Any CPU.Build.0 = Ad-Hoc|iPhone
		{E98B26DC-8C00-4FCE-A5CE-979A290A2E71}.Ad-Hoc|Any CPU.Deploy.0 = Ad-Hoc|iPhone
		{E98B26DC-8C00-4FCE-A5CE-979A290A2E71}.Ad-Hoc|iPhone.ActiveCfg = Ad-Hoc|iPhone
		{E98B26DC-8C00-4FCE-A5CE-979A290A2E71}.Ad-Hoc|iPhone.Build.0 = Ad-Hoc|iPhone
		{E98B26DC-8C00-4FCE-A5CE-979A290A2E71}.Ad-Hoc|iPhone.Deploy.0 = Ad-Hoc|iPhone
		{E98B26DC-8C00-4FCE-A5CE-979A290A2E71}.Ad-Hoc|iPhoneSimulator.ActiveCfg = Ad-Hoc|iPhoneSimulator
		{E98B26DC-8C00-4FCE-A5CE-979A290A2E71}.Ad-Hoc|iPhoneSimulator.Build.0 = Ad-Hoc|iPhoneSimulator
		{E98B26DC-8C00-4FCE-A5CE-979A290A2E71}.Ad-Hoc|iPhoneSimulator.Deploy.0 = Ad-Hoc|iPhoneSimulator
		{E98B26DC-8C00-4FCE-A5CE-979A290A2E71}.AppStore|Any CPU.ActiveCfg = AppStore|iPhone
		{E98B26DC-8C00-4FCE-A5CE-979A290A2E71}.AppStore|Any CPU.Build.0 = AppStore|iPhone
		{E98B26DC-8C00-4FCE-A5CE-979A290A2E71}.AppStore|Any CPU.Deploy.0 = AppStore|iPhone
		{E98B26DC-8C00-4FCE-A5CE-979A290A2E71}.AppStore|iPhone.ActiveCfg = AppStore|iPhone
		{E98B26DC-8C00-4FCE-A5CE-979A290A2E71}.AppStore|iPhone.Build.0 = AppStore|iPhone
		{E98B26DC-8C00-4FCE-A5CE-979A290A2E71}.AppStore|iPhone.Deploy.0 = AppStore|iPhone
		{E98B26DC-8C00-4FCE-A5CE-979A290A2E71}.AppStore|iPhoneSimulator.ActiveCfg = AppStore|iPhoneSimulator
		{E98B26DC-8C00-4FCE-A5CE-979A290A2E71}.AppStore|iPhoneSimulator.Build.0 = AppStore|iPhoneSimulator
		{E98B26DC-8C00-4FCE-A5CE-979A290A2E71}.AppStore|iPhoneSimulator.Deploy.0 = AppStore|iPhoneSimulator
		{E98B26DC-8C00-4FCE-A5CE-979A290A2E71}.Debug|Any CPU.ActiveCfg = Debug|iPhoneSimulator
		{E98B26DC-8C00-4FCE-A5CE-979A290A2E71}.Debug|Any CPU.Build.0 = Debug|iPhoneSimulator
		{E98B26DC-8C00-4FCE-A5CE-979A290A2E71}.Debug|Any CPU.Deploy.0 = Debug|iPhoneSimulator
		{E98B26DC-8C00-4FCE-A5CE-979A290A2E71}.Debug|iPhone.ActiveCfg = Debug|iPhone
		{E98B26DC-8C00-4FCE-A5CE-979A290A2E71}.Debug|iPhone.Build.0 = Debug|iPhone
		{E98B26DC-8C00-4FCE-A5CE-979A290A2E71}.Debug|iPhone.Deploy.0 = Debug|iPhone
		{E98B26DC-8C00-4FCE-A5CE-979A290A2E71}.Debug|iPhoneSimulator.ActiveCfg = Debug|iPhoneSimulator
		{E98B26DC-8C00-4FCE-A5CE-979A290A2E71}.Debug|iPhoneSimulator.Build.0 = Debug|iPhoneSimulator
		{E98B26DC-8C00-4FCE-A5CE-979A290A2E71}.Debug|iPhoneSimulator.Deploy.0 = Debug|iPhoneSimulator
		{E98B26DC-8C00-4FCE-A5CE-979A290A2E71}.Release|Any CPU.ActiveCfg = Release|iPhone
		{E98B26DC-8C00-4FCE-A5CE-979A290A2E71}.Release|Any CPU.Build.0 = Release|iPhone
		{E98B26DC-8C00-4FCE-A5CE-979A290A2E71}.Release|Any CPU.Deploy.0 = Release|iPhone
		{E98B26DC-8C00-4FCE-A5CE-979A290A2E71}.Release|iPhone.ActiveCfg = Release|iPhone
		{E98B26DC-8C00-4FCE-A5CE-979A290A2E71}.Release|iPhone.Build.0 = Release|iPhone
		{E98B26DC-8C00-4FCE-A5CE-979A290A2E71}.Release|iPhone.Deploy.0 = Release|iPhone
		{E98B26DC-8C00-4FCE-A5CE-979A290A2E71}.Release|iPhoneSimulator.ActiveCfg = Release|iPhoneSimulator
		{E98B26DC-8C00-4FCE-A5CE-979A290A2E71}.Release|iPhoneSimulator.Build.0 = Release|iPhoneSimulator
		{E98B26DC-8C00-4FCE-A5CE-979A290A2E71}.Release|iPhoneSimulator.Deploy.0 = Release|iPhoneSimulator
		{E76AC66D-DE02-47A3-A3BA-FEF8DFF38989}.Ad-Hoc|Any CPU.ActiveCfg = Debug|Any CPU
		{E76AC66D-DE02-47A3-A3BA-FEF8DFF38989}.Ad-Hoc|Any CPU.Build.0 = Debug|Any CPU
		{E76AC66D-DE02-47A3-A3BA-FEF8DFF38989}.Ad-Hoc|Any CPU.Deploy.0 = Debug|Any CPU
		{E76AC66D-DE02-47A3-A3BA-FEF8DFF38989}.Ad-Hoc|iPhone.ActiveCfg = Debug|Any CPU
		{E76AC66D-DE02-47A3-A3BA-FEF8DFF38989}.Ad-Hoc|iPhone.Build.0 = Debug|Any CPU
		{E76AC66D-DE02-47A3-A3BA-FEF8DFF38989}.Ad-Hoc|iPhone.Deploy.0 = Debug|Any CPU
		{E76AC66D-DE02-47A3-A3BA-FEF8DFF38989}.Ad-Hoc|iPhoneSimulator.ActiveCfg = Debug|Any CPU
		{E76AC66D-DE02-47A3-A3BA-FEF8DFF38989}.Ad-Hoc|iPhoneSimulator.Build.0 = Debug|Any CPU
		{E76AC66D-DE02-47A3-A3BA-FEF8DFF38989}.Ad-Hoc|iPhoneSimulator.Deploy.0 = Debug|Any CPU
		{E76AC66D-DE02-47A3-A3BA-FEF8DFF38989}.AppStore|Any CPU.ActiveCfg = Debug|Any CPU
		{E76AC66D-DE02-47A3-A3BA-FEF8DFF38989}.AppStore|Any CPU.Build.0 = Debug|Any CPU
		{E76AC66D-DE02-47A3-A3BA-FEF8DFF38989}.AppStore|Any CPU.Deploy.0 = Debug|Any CPU
		{E76AC66D-DE02-47A3-A3BA-FEF8DFF38989}.AppStore|iPhone.ActiveCfg = Debug|Any CPU
		{E76AC66D-DE02-47A3-A3BA-FEF8DFF38989}.AppStore|iPhone.Build.0 = Debug|Any CPU
		{E76AC66D-DE02-47A3-A3BA-FEF8DFF38989}.AppStore|iPhone.Deploy.0 = Debug|Any CPU
		{E76AC66D-DE02-47A3-A3BA-FEF8DFF38989}.AppStore|iPhoneSimulator.ActiveCfg = Debug|Any CPU
		{E76AC66D-DE02-47A3-A3BA-FEF8DFF38989}.AppStore|iPhoneSimulator.Build.0 = Debug|Any CPU
		{E76AC66D-DE02-47A3-A3BA-FEF8DFF38989}.AppStore|iPhoneSimulator.Deploy.0 = Debug|Any CPU
		{E76AC66D-DE02-47A3-A3BA-FEF8DFF38989}.Debug|Any CPU.ActiveCfg = Debug|Any CPU
		{E76AC66D-DE02-47A3-A3BA-FEF8DFF38989}.Debug|Any CPU.Build.0 = Debug|Any CPU
		{E76AC66D-DE02-47A3-A3BA-FEF8DFF38989}.Debug|Any CPU.Deploy.0 = Debug|Any CPU
		{E76AC66D-DE02-47A3-A3BA-FEF8DFF38989}.Debug|iPhone.ActiveCfg = Debug|Any CPU
		{E76AC66D-DE02-47A3-A3BA-FEF8DFF38989}.Debug|iPhone.Build.0 = Debug|Any CPU
		{E76AC66D-DE02-47A3-A3BA-FEF8DFF38989}.Debug|iPhone.Deploy.0 = Debug|Any CPU
		{E76AC66D-DE02-47A3-A3BA-FEF8DFF38989}.Debug|iPhoneSimulator.ActiveCfg = Debug|Any CPU
		{E76AC66D-DE02-47A3-A3BA-FEF8DFF38989}.Debug|iPhoneSimulator.Build.0 = Debug|Any CPU
		{E76AC66D-DE02-47A3-A3BA-FEF8DFF38989}.Debug|iPhoneSimulator.Deploy.0 = Debug|Any CPU
		{E76AC66D-DE02-47A3-A3BA-FEF8DFF38989}.Release|Any CPU.ActiveCfg = Release|Any CPU
		{E76AC66D-DE02-47A3-A3BA-FEF8DFF38989}.Release|Any CPU.Build.0 = Release|Any CPU
		{E76AC66D-DE02-47A3-A3BA-FEF8DFF38989}.Release|Any CPU.Deploy.0 = Release|Any CPU
		{E76AC66D-DE02-47A3-A3BA-FEF8DFF38989}.Release|iPhone.ActiveCfg = Release|Any CPU
		{E76AC66D-DE02-47A3-A3BA-FEF8DFF38989}.Release|iPhone.Build.0 = Release|Any CPU
		{E76AC66D-DE02-47A3-A3BA-FEF8DFF38989}.Release|iPhone.Deploy.0 = Release|Any CPU
		{E76AC66D-DE02-47A3-A3BA-FEF8DFF38989}.Release|iPhoneSimulator.ActiveCfg = Release|Any CPU
		{E76AC66D-DE02-47A3-A3BA-FEF8DFF38989}.Release|iPhoneSimulator.Build.0 = Release|Any CPU
		{E76AC66D-DE02-47A3-A3BA-FEF8DFF38989}.Release|iPhoneSimulator.Deploy.0 = Release|Any CPU
	EndGlobalSection
	GlobalSection(SolutionProperties) = preSolution
		HideSolutionNode = FALSE
	EndGlobalSection
	GlobalSection(ExtensibilityGlobals) = postSolution
		SolutionGuid = {B0FF769C-4DFA-42C9-BB22-45B4AEFFE447}
	EndGlobalSection
EndGlobal
